
Microsoft Visual Studio Solution File, Format Version 12.00
# Visual Studio 2013
VisualStudioVersion = 12.0.30110.0
MinimumVisualStudioVersion = 10.0.40219.1
Project("{FAE04EC0-301F-11D3-BF4B-00C04F79EFBC}") = "UTCClock.Business", "UTCClock.Business\UTCClock.Business.csproj", "{87CBD1A2-645B-49EE-8203-560A3DF12D44}"
EndProject
Project("{2150E333-8FDC-42A3-9474-1A3956D46DE8}") = ".nuget", ".nuget", "{C2AF4873-1CE1-48A0-8D94-16FE731B61AB}"
	ProjectSection(SolutionItems) = preProject
		.nuget\NuGet.Config = .nuget\NuGet.Config
		.nuget\NuGet.exe = .nuget\NuGet.exe
		.nuget\NuGet.targets = .nuget\NuGet.targets
	EndProjectSection
EndProject
Project("{FAE04EC0-301F-11D3-BF4B-00C04F79EFBC}") = "UTCClock.Presentation", "UTCClock.Presentation\UTCClock.Presentation.csproj", "{685886E6-CE8C-4B9D-94BE-D2B879030857}"
EndProject
Global
	GlobalSection(SolutionConfigurationPlatforms) = preSolution
		Debug|Any CPU = Debug|Any CPU
		Release|Any CPU = Release|Any CPU
	EndGlobalSection
	GlobalSection(ProjectConfigurationPlatforms) = postSolution
		{87CBD1A2-645B-49EE-8203-560A3DF12D44}.Debug|Any CPU.ActiveCfg = Debug|Any CPU
		{87CBD1A2-645B-49EE-8203-560A3DF12D44}.Debug|Any CPU.Build.0 = Debug|Any CPU
		{87CBD1A2-645B-49EE-8203-560A3DF12D44}.Release|Any CPU.ActiveCfg = Release|Any CPU
		{87CBD1A2-645B-49EE-8203-560A3DF12D44}.Release|Any CPU.Build.0 = Release|Any CPU
		{685886E6-CE8C-4B9D-94BE-D2B879030857}.Debug|Any CPU.ActiveCfg = Debug|Any CPU
		{685886E6-CE8C-4B9D-94BE-D2B879030857}.Debug|Any CPU.Build.0 = Debug|Any CPU
		{685886E6-CE8C-4B9D-94BE-D2B879030857}.Release|Any CPU.ActiveCfg = Release|Any CPU
		{685886E6-CE8C-4B9D-94BE-D2B879030857}.Release|Any CPU.Build.0 = Release|Any CPU
	EndGlobalSection
	GlobalSection(SolutionProperties) = preSolution
		HideSolutionNode = FALSE
	EndGlobalSection
EndGlobal
